
Microsoft Visual Studio Solution File, Format Version 12.00
# Visual Studio 15
VisualStudioVersion = 15.0.27703.2000
MinimumVisualStudioVersion = 10.0.40219.1
Project("{FAE04EC0-301F-11D3-BF4B-00C04F79EFBC}") = "CalculandoBhaskara", "CalculandoBhaskara\CalculandoBhaskara.csproj", "{3645B3C4-E745-44DA-84A1-20302034BD97}"
EndProject
Global
	GlobalSection(SolutionConfigurationPlatforms) = preSolution
		Debug|Any CPU = Debug|Any CPU
		Release|Any CPU = Release|Any CPU
	EndGlobalSection
	GlobalSection(ProjectConfigurationPlatforms) = postSolution
		{3645B3C4-E745-44DA-84A1-20302034BD97}.Debug|Any CPU.ActiveCfg = Debug|Any CPU
		{3645B3C4-E745-44DA-84A1-20302034BD97}.Debug|Any CPU.Build.0 = Debug|Any CPU
		{3645B3C4-E745-44DA-84A1-20302034BD97}.Release|Any CPU.ActiveCfg = Release|Any CPU
		{3645B3C4-E745-44DA-84A1-20302034BD97}.Release|Any CPU.Build.0 = Release|Any CPU
	EndGlobalSection
	GlobalSection(SolutionProperties) = preSolution
		HideSolutionNode = FALSE
	EndGlobalSection
	GlobalSection(ExtensibilityGlobals) = postSolution
		SolutionGuid = {B59AE359-E194-4AA6-9128-9B735F3D847E}
	EndGlobalSection
EndGlobal
