
Microsoft Visual Studio Solution File, Format Version 12.00
# Visual Studio 15
VisualStudioVersion = 15.0.27703.2000
MinimumVisualStudioVersion = 10.0.40219.1
Project("{FAE04EC0-301F-11D3-BF4B-00C04F79EFBC}") = "TesteConsoleApp", "TesteConsoleApp\TesteConsoleApp.csproj", "{606B05BF-91E5-49DF-B6AC-32C8FC8EF9AB}"
EndProject
Global
	GlobalSection(SolutionConfigurationPlatforms) = preSolution
		Debug|Any CPU = Debug|Any CPU
		Release|Any CPU = Release|Any CPU
	EndGlobalSection
	GlobalSection(ProjectConfigurationPlatforms) = postSolution
		{606B05BF-91E5-49DF-B6AC-32C8FC8EF9AB}.Debug|Any CPU.ActiveCfg = Debug|Any CPU
		{606B05BF-91E5-49DF-B6AC-32C8FC8EF9AB}.Debug|Any CPU.Build.0 = Debug|Any CPU
		{606B05BF-91E5-49DF-B6AC-32C8FC8EF9AB}.Release|Any CPU.ActiveCfg = Release|Any CPU
		{606B05BF-91E5-49DF-B6AC-32C8FC8EF9AB}.Release|Any CPU.Build.0 = Release|Any CPU
	EndGlobalSection
	GlobalSection(SolutionProperties) = preSolution
		HideSolutionNode = FALSE
	EndGlobalSection
	GlobalSection(ExtensibilityGlobals) = postSolution
		SolutionGuid = {2C6E4FE1-81F8-4312-9DAE-A68BF24BCB95}
	EndGlobalSection
EndGlobal
