
Microsoft Visual Studio Solution File, Format Version 12.00
# Visual Studio 15
VisualStudioVersion = 15.0.27703.2000
MinimumVisualStudioVersion = 10.0.40219.1
Project("{FAE04EC0-301F-11D3-BF4B-00C04F79EFBC}") = "MaoNaMassaWF", "MaoNaMassaWF\MaoNaMassaWF.csproj", "{6A5E3EBA-2A66-4A26-88D3-E79F11B7894C}"
EndProject
Global
	GlobalSection(SolutionConfigurationPlatforms) = preSolution
		Debug|Any CPU = Debug|Any CPU
		Release|Any CPU = Release|Any CPU
	EndGlobalSection
	GlobalSection(ProjectConfigurationPlatforms) = postSolution
		{6A5E3EBA-2A66-4A26-88D3-E79F11B7894C}.Debug|Any CPU.ActiveCfg = Debug|Any CPU
		{6A5E3EBA-2A66-4A26-88D3-E79F11B7894C}.Debug|Any CPU.Build.0 = Debug|Any CPU
		{6A5E3EBA-2A66-4A26-88D3-E79F11B7894C}.Release|Any CPU.ActiveCfg = Release|Any CPU
		{6A5E3EBA-2A66-4A26-88D3-E79F11B7894C}.Release|Any CPU.Build.0 = Release|Any CPU
	EndGlobalSection
	GlobalSection(SolutionProperties) = preSolution
		HideSolutionNode = FALSE
	EndGlobalSection
	GlobalSection(ExtensibilityGlobals) = postSolution
		SolutionGuid = {A78F629B-F1A5-4F3C-8930-1CAF7945BF3F}
	EndGlobalSection
EndGlobal
