
Microsoft Visual Studio Solution File, Format Version 12.00
# Visual Studio 15
VisualStudioVersion = 15.0.27703.2000
MinimumVisualStudioVersion = 10.0.40219.1
Project("{FAE04EC0-301F-11D3-BF4B-00C04F79EFBC}") = "PalindromoTDD", "PalindromoTDD\PalindromoTDD.csproj", "{DBF63DB6-79C3-4133-8982-FECAE2BC3655}"
EndProject
Project("{FAE04EC0-301F-11D3-BF4B-00C04F79EFBC}") = "PalindromoTeste", "PalindromoTeste\PalindromoTeste.csproj", "{F5424B47-1959-40E9-96F7-B4637968C327}"
EndProject
Global
	GlobalSection(SolutionConfigurationPlatforms) = preSolution
		Debug|Any CPU = Debug|Any CPU
		Release|Any CPU = Release|Any CPU
	EndGlobalSection
	GlobalSection(ProjectConfigurationPlatforms) = postSolution
		{DBF63DB6-79C3-4133-8982-FECAE2BC3655}.Debug|Any CPU.ActiveCfg = Debug|Any CPU
		{DBF63DB6-79C3-4133-8982-FECAE2BC3655}.Debug|Any CPU.Build.0 = Debug|Any CPU
		{DBF63DB6-79C3-4133-8982-FECAE2BC3655}.Release|Any CPU.ActiveCfg = Release|Any CPU
		{DBF63DB6-79C3-4133-8982-FECAE2BC3655}.Release|Any CPU.Build.0 = Release|Any CPU
		{F5424B47-1959-40E9-96F7-B4637968C327}.Debug|Any CPU.ActiveCfg = Debug|Any CPU
		{F5424B47-1959-40E9-96F7-B4637968C327}.Debug|Any CPU.Build.0 = Debug|Any CPU
		{F5424B47-1959-40E9-96F7-B4637968C327}.Release|Any CPU.ActiveCfg = Release|Any CPU
		{F5424B47-1959-40E9-96F7-B4637968C327}.Release|Any CPU.Build.0 = Release|Any CPU
	EndGlobalSection
	GlobalSection(SolutionProperties) = preSolution
		HideSolutionNode = FALSE
	EndGlobalSection
	GlobalSection(ExtensibilityGlobals) = postSolution
		SolutionGuid = {0BAE077C-9190-450C-BC5D-423E7D4AEE58}
	EndGlobalSection
EndGlobal
