
Microsoft Visual Studio Solution File, Format Version 12.00
# Visual Studio 15
VisualStudioVersion = 15.0.27703.2000
MinimumVisualStudioVersion = 10.0.40219.1
Project("{FAE04EC0-301F-11D3-BF4B-00C04F79EFBC}") = "TesteConta", "TesteConta\TesteConta.csproj", "{CED47BD9-C9F8-4E27-95A2-4BCF1378C1E8}"
EndProject
Global
	GlobalSection(SolutionConfigurationPlatforms) = preSolution
		Debug|Any CPU = Debug|Any CPU
		Release|Any CPU = Release|Any CPU
	EndGlobalSection
	GlobalSection(ProjectConfigurationPlatforms) = postSolution
		{CED47BD9-C9F8-4E27-95A2-4BCF1378C1E8}.Debug|Any CPU.ActiveCfg = Debug|Any CPU
		{CED47BD9-C9F8-4E27-95A2-4BCF1378C1E8}.Debug|Any CPU.Build.0 = Debug|Any CPU
		{CED47BD9-C9F8-4E27-95A2-4BCF1378C1E8}.Release|Any CPU.ActiveCfg = Release|Any CPU
		{CED47BD9-C9F8-4E27-95A2-4BCF1378C1E8}.Release|Any CPU.Build.0 = Release|Any CPU
	EndGlobalSection
	GlobalSection(SolutionProperties) = preSolution
		HideSolutionNode = FALSE
	EndGlobalSection
	GlobalSection(ExtensibilityGlobals) = postSolution
		SolutionGuid = {F92FD30E-EB51-41B0-9D94-D8B063A48304}
	EndGlobalSection
EndGlobal
