
Microsoft Visual Studio Solution File, Format Version 12.00
# Visual Studio 15
VisualStudioVersion = 15.0.27703.2000
MinimumVisualStudioVersion = 10.0.40219.1
Project("{FAE04EC0-301F-11D3-BF4B-00C04F79EFBC}") = "DesignPatterns01", "DesignPatterns01\DesignPatterns01.csproj", "{D5D2B678-5AD1-4AC2-8E81-6AA996749A53}"
EndProject
Global
	GlobalSection(SolutionConfigurationPlatforms) = preSolution
		Debug|Any CPU = Debug|Any CPU
		Release|Any CPU = Release|Any CPU
	EndGlobalSection
	GlobalSection(ProjectConfigurationPlatforms) = postSolution
		{D5D2B678-5AD1-4AC2-8E81-6AA996749A53}.Debug|Any CPU.ActiveCfg = Debug|Any CPU
		{D5D2B678-5AD1-4AC2-8E81-6AA996749A53}.Debug|Any CPU.Build.0 = Debug|Any CPU
		{D5D2B678-5AD1-4AC2-8E81-6AA996749A53}.Release|Any CPU.ActiveCfg = Release|Any CPU
		{D5D2B678-5AD1-4AC2-8E81-6AA996749A53}.Release|Any CPU.Build.0 = Release|Any CPU
	EndGlobalSection
	GlobalSection(SolutionProperties) = preSolution
		HideSolutionNode = FALSE
	EndGlobalSection
	GlobalSection(ExtensibilityGlobals) = postSolution
		SolutionGuid = {F2049747-DB46-4A3B-AAC6-8CDFCD2366D7}
	EndGlobalSection
EndGlobal
